
Microsoft Visual Studio Solution File, Format Version 12.00
# Visual Studio Version 17
VisualStudioVersion = 17.10.34928.147
MinimumVisualStudioVersion = 10.0.40219.1
Project("{FAE04EC0-301F-11D3-BF4B-00C04F79EFBC}") = "Exercicio-9", "Exercicio-9.csproj", "{79ADF96D-6996-496A-86A0-A5284E59260E}"
EndProject
Global
	GlobalSection(SolutionConfigurationPlatforms) = preSolution
		Debug|Any CPU = Debug|Any CPU
		Release|Any CPU = Release|Any CPU
	EndGlobalSection
	GlobalSection(ProjectConfigurationPlatforms) = postSolution
		{79ADF96D-6996-496A-86A0-A5284E59260E}.Debug|Any CPU.ActiveCfg = Debug|Any CPU
		{79ADF96D-6996-496A-86A0-A5284E59260E}.Debug|Any CPU.Build.0 = Debug|Any CPU
		{79ADF96D-6996-496A-86A0-A5284E59260E}.Release|Any CPU.ActiveCfg = Release|Any CPU
		{79ADF96D-6996-496A-86A0-A5284E59260E}.Release|Any CPU.Build.0 = Release|Any CPU
	EndGlobalSection
	GlobalSection(SolutionProperties) = preSolution
		HideSolutionNode = FALSE
	EndGlobalSection
	GlobalSection(ExtensibilityGlobals) = postSolution
		SolutionGuid = {F96F53C8-1E72-47EA-A1F9-8D8863E666C6}
	EndGlobalSection
EndGlobal
