
Microsoft Visual Studio Solution File, Format Version 12.00
# Visual Studio Version 17
VisualStudioVersion = 17.10.34916.146
MinimumVisualStudioVersion = 10.0.40219.1
Project("{FAE04EC0-301F-11D3-BF4B-00C04F79EFBC}") = "Exercicio-6", "Exercicio-6.csproj", "{F3C83AFA-8448-4207-AC70-8C3F764B5108}"
EndProject
Global
	GlobalSection(SolutionConfigurationPlatforms) = preSolution
		Debug|Any CPU = Debug|Any CPU
		Release|Any CPU = Release|Any CPU
	EndGlobalSection
	GlobalSection(ProjectConfigurationPlatforms) = postSolution
		{F3C83AFA-8448-4207-AC70-8C3F764B5108}.Debug|Any CPU.ActiveCfg = Debug|Any CPU
		{F3C83AFA-8448-4207-AC70-8C3F764B5108}.Debug|Any CPU.Build.0 = Debug|Any CPU
		{F3C83AFA-8448-4207-AC70-8C3F764B5108}.Release|Any CPU.ActiveCfg = Release|Any CPU
		{F3C83AFA-8448-4207-AC70-8C3F764B5108}.Release|Any CPU.Build.0 = Release|Any CPU
	EndGlobalSection
	GlobalSection(SolutionProperties) = preSolution
		HideSolutionNode = FALSE
	EndGlobalSection
	GlobalSection(ExtensibilityGlobals) = postSolution
		SolutionGuid = {D22A2105-5513-406E-B85C-1AA08C97C440}
	EndGlobalSection
EndGlobal
