
Microsoft Visual Studio Solution File, Format Version 12.00
# Visual Studio Version 17
VisualStudioVersion = 17.10.34916.146
MinimumVisualStudioVersion = 10.0.40219.1
Project("{FAE04EC0-301F-11D3-BF4B-00C04F79EFBC}") = "exercicio-2", "exercicio-2.csproj", "{8E3DE2CF-0828-45BE-8871-A5C07A458E37}"
EndProject
Global
	GlobalSection(SolutionConfigurationPlatforms) = preSolution
		Debug|Any CPU = Debug|Any CPU
		Release|Any CPU = Release|Any CPU
	EndGlobalSection
	GlobalSection(ProjectConfigurationPlatforms) = postSolution
		{8E3DE2CF-0828-45BE-8871-A5C07A458E37}.Debug|Any CPU.ActiveCfg = Debug|Any CPU
		{8E3DE2CF-0828-45BE-8871-A5C07A458E37}.Debug|Any CPU.Build.0 = Debug|Any CPU
		{8E3DE2CF-0828-45BE-8871-A5C07A458E37}.Release|Any CPU.ActiveCfg = Release|Any CPU
		{8E3DE2CF-0828-45BE-8871-A5C07A458E37}.Release|Any CPU.Build.0 = Release|Any CPU
	EndGlobalSection
	GlobalSection(SolutionProperties) = preSolution
		HideSolutionNode = FALSE
	EndGlobalSection
	GlobalSection(ExtensibilityGlobals) = postSolution
		SolutionGuid = {1BD8AA8C-0FE3-427D-B914-E281D784024A}
	EndGlobalSection
EndGlobal
