
Microsoft Visual Studio Solution File, Format Version 12.00
# Visual Studio Version 17
VisualStudioVersion = 17.10.34928.147
MinimumVisualStudioVersion = 10.0.40219.1
Project("{FAE04EC0-301F-11D3-BF4B-00C04F79EFBC}") = "Exercicio-8", "Exercicio-8.csproj", "{D8EC6AE6-7C98-4737-BED6-9356A009B84B}"
EndProject
Global
	GlobalSection(SolutionConfigurationPlatforms) = preSolution
		Debug|Any CPU = Debug|Any CPU
		Release|Any CPU = Release|Any CPU
	EndGlobalSection
	GlobalSection(ProjectConfigurationPlatforms) = postSolution
		{D8EC6AE6-7C98-4737-BED6-9356A009B84B}.Debug|Any CPU.ActiveCfg = Debug|Any CPU
		{D8EC6AE6-7C98-4737-BED6-9356A009B84B}.Debug|Any CPU.Build.0 = Debug|Any CPU
		{D8EC6AE6-7C98-4737-BED6-9356A009B84B}.Release|Any CPU.ActiveCfg = Release|Any CPU
		{D8EC6AE6-7C98-4737-BED6-9356A009B84B}.Release|Any CPU.Build.0 = Release|Any CPU
	EndGlobalSection
	GlobalSection(SolutionProperties) = preSolution
		HideSolutionNode = FALSE
	EndGlobalSection
	GlobalSection(ExtensibilityGlobals) = postSolution
		SolutionGuid = {9C7B3667-A69D-4D2D-B89C-BC054A58D904}
	EndGlobalSection
EndGlobal
