
Microsoft Visual Studio Solution File, Format Version 12.00
# Visual Studio Version 17
VisualStudioVersion = 17.10.34928.147
MinimumVisualStudioVersion = 10.0.40219.1
Project("{FAE04EC0-301F-11D3-BF4B-00C04F79EFBC}") = "Exercicio-4", "Exercicio-4.csproj", "{07E4FE23-6812-408D-BE58-2C962A0A0ACE}"
EndProject
Global
	GlobalSection(SolutionConfigurationPlatforms) = preSolution
		Debug|Any CPU = Debug|Any CPU
		Release|Any CPU = Release|Any CPU
	EndGlobalSection
	GlobalSection(ProjectConfigurationPlatforms) = postSolution
		{07E4FE23-6812-408D-BE58-2C962A0A0ACE}.Debug|Any CPU.ActiveCfg = Debug|Any CPU
		{07E4FE23-6812-408D-BE58-2C962A0A0ACE}.Debug|Any CPU.Build.0 = Debug|Any CPU
		{07E4FE23-6812-408D-BE58-2C962A0A0ACE}.Release|Any CPU.ActiveCfg = Release|Any CPU
		{07E4FE23-6812-408D-BE58-2C962A0A0ACE}.Release|Any CPU.Build.0 = Release|Any CPU
	EndGlobalSection
	GlobalSection(SolutionProperties) = preSolution
		HideSolutionNode = FALSE
	EndGlobalSection
	GlobalSection(ExtensibilityGlobals) = postSolution
		SolutionGuid = {D9813D5D-D95C-4E4D-B36C-228200842B87}
	EndGlobalSection
EndGlobal
