
Microsoft Visual Studio Solution File, Format Version 12.00
# Visual Studio Version 17
VisualStudioVersion = 17.10.34916.146
MinimumVisualStudioVersion = 10.0.40219.1
Project("{FAE04EC0-301F-11D3-BF4B-00C04F79EFBC}") = "Exercicio-3", "Exercicio-3.csproj", "{9FEEA68D-7AF7-4B1F-BAC0-50ACD80527F1}"
EndProject
Global
	GlobalSection(SolutionConfigurationPlatforms) = preSolution
		Debug|Any CPU = Debug|Any CPU
		Release|Any CPU = Release|Any CPU
	EndGlobalSection
	GlobalSection(ProjectConfigurationPlatforms) = postSolution
		{9FEEA68D-7AF7-4B1F-BAC0-50ACD80527F1}.Debug|Any CPU.ActiveCfg = Debug|Any CPU
		{9FEEA68D-7AF7-4B1F-BAC0-50ACD80527F1}.Debug|Any CPU.Build.0 = Debug|Any CPU
		{9FEEA68D-7AF7-4B1F-BAC0-50ACD80527F1}.Release|Any CPU.ActiveCfg = Release|Any CPU
		{9FEEA68D-7AF7-4B1F-BAC0-50ACD80527F1}.Release|Any CPU.Build.0 = Release|Any CPU
	EndGlobalSection
	GlobalSection(SolutionProperties) = preSolution
		HideSolutionNode = FALSE
	EndGlobalSection
	GlobalSection(ExtensibilityGlobals) = postSolution
		SolutionGuid = {EDFE2E37-0296-4248-8EA9-C39AD1C15003}
	EndGlobalSection
EndGlobal
