
Microsoft Visual Studio Solution File, Format Version 12.00
# Visual Studio Version 17
VisualStudioVersion = 17.10.34928.147
MinimumVisualStudioVersion = 10.0.40219.1
Project("{FAE04EC0-301F-11D3-BF4B-00C04F79EFBC}") = "Exercicio-1", "Exercicio-1.csproj", "{7A9EA67B-8831-4975-93B7-5264E3E8B09A}"
EndProject
Global
	GlobalSection(SolutionConfigurationPlatforms) = preSolution
		Debug|Any CPU = Debug|Any CPU
		Release|Any CPU = Release|Any CPU
	EndGlobalSection
	GlobalSection(ProjectConfigurationPlatforms) = postSolution
		{7A9EA67B-8831-4975-93B7-5264E3E8B09A}.Debug|Any CPU.ActiveCfg = Debug|Any CPU
		{7A9EA67B-8831-4975-93B7-5264E3E8B09A}.Debug|Any CPU.Build.0 = Debug|Any CPU
		{7A9EA67B-8831-4975-93B7-5264E3E8B09A}.Release|Any CPU.ActiveCfg = Release|Any CPU
		{7A9EA67B-8831-4975-93B7-5264E3E8B09A}.Release|Any CPU.Build.0 = Release|Any CPU
	EndGlobalSection
	GlobalSection(SolutionProperties) = preSolution
		HideSolutionNode = FALSE
	EndGlobalSection
	GlobalSection(ExtensibilityGlobals) = postSolution
		SolutionGuid = {C48C3472-5D59-406C-A880-9392B3596DA9}
	EndGlobalSection
EndGlobal
